
Microsoft Visual Studio Solution File, Format Version 12.00
# Visual Studio Version 16
VisualStudioVersion = 16.0.31410.357
MinimumVisualStudioVersion = 10.0.40219.1
Project("{9A19103F-16F7-4668-BE54-9A1E7A4F7556}") = "Instant Cache Cleaner", "Instant Cache Cleaner.csproj", "{6406C75E-D0E0-4836-B05B-061DF8967DA9}"
EndProject
Global
	GlobalSection(SolutionConfigurationPlatforms) = preSolution
		Debug|Any CPU = Debug|Any CPU
		Release|Any CPU = Release|Any CPU
	EndGlobalSection
	GlobalSection(ProjectConfigurationPlatforms) = postSolution
		{6406C75E-D0E0-4836-B05B-061DF8967DA9}.Debug|Any CPU.ActiveCfg = Debug|Any CPU
		{6406C75E-D0E0-4836-B05B-061DF8967DA9}.Debug|Any CPU.Build.0 = Debug|Any CPU
		{6406C75E-D0E0-4836-B05B-061DF8967DA9}.Release|Any CPU.ActiveCfg = Release|Any CPU
		{6406C75E-D0E0-4836-B05B-061DF8967DA9}.Release|Any CPU.Build.0 = Release|Any CPU
	EndGlobalSection
	GlobalSection(SolutionProperties) = preSolution
		HideSolutionNode = FALSE
	EndGlobalSection
	GlobalSection(ExtensibilityGlobals) = postSolution
		SolutionGuid = {4739EA8A-3845-401C-8B69-B8AB114671C8}
	EndGlobalSection
EndGlobal
